
Microsoft Visual Studio Solution File, Format Version 12.00
# Visual Studio Version 16
VisualStudioVersion = 16.0.30709.132
MinimumVisualStudioVersion = 10.0.40219.1
Project("{FAE04EC0-301F-11D3-BF4B-00C04F79EFBC}") = "WorkWFiles", "WorkWFiles\WorkWFiles.csproj", "{AADA3347-154F-4287-B66B-730650936C21}"
EndProject
Global
	GlobalSection(SolutionConfigurationPlatforms) = preSolution
		Debug|Any CPU = Debug|Any CPU
		Release|Any CPU = Release|Any CPU
	EndGlobalSection
	GlobalSection(ProjectConfigurationPlatforms) = postSolution
		{AADA3347-154F-4287-B66B-730650936C21}.Debug|Any CPU.ActiveCfg = Debug|Any CPU
		{AADA3347-154F-4287-B66B-730650936C21}.Debug|Any CPU.Build.0 = Debug|Any CPU
		{AADA3347-154F-4287-B66B-730650936C21}.Release|Any CPU.ActiveCfg = Release|Any CPU
		{AADA3347-154F-4287-B66B-730650936C21}.Release|Any CPU.Build.0 = Release|Any CPU
	EndGlobalSection
	GlobalSection(SolutionProperties) = preSolution
		HideSolutionNode = FALSE
	EndGlobalSection
	GlobalSection(ExtensibilityGlobals) = postSolution
		SolutionGuid = {D6EF43EC-D347-4D49-87F9-9CCA2A7AB90C}
	EndGlobalSection
EndGlobal
